{
  "lockfile_version": "1",
  "packages": {
    "nodejs@22": {
      "last_modified": "2025-03-11T17:52:14Z",
      "plugin_version": "0.0.2",
      "resolved": "github:NixOS/nixpkgs/0d534853a55b5d02a4ababa1d71921ce8f0aee4c#nodejs_22",
      "source": "devbox-search",
      "version": "22.14.0",
      "systems": {
        "aarch64-darwin": {
          "outputs": [
            {
              "name": "out",
              "path": "/nix/store/gxr9abzyqmva25p3k142qs1djj9q5fqw-nodejs-22.14.0",
              "default": true
            },
            {
              "name": "libv8",
              "path": "/nix/store/q6xnd2kar3sh0jnwic7z2k0fm3450xrs-nodejs-22.14.0-libv8"
            }
          ],
          "store_path": "/nix/store/gxr9abzyqmva25p3k142qs1djj9q5fqw-nodejs-22.14.0"
        },
        "aarch64-linux": {
          "outputs": [
            {
              "name": "out",
              "path": "/nix/store/5baih13vgavgia3889wsvh4n4z0mkawd-nodejs-22.14.0",
              "default": true
            },
            {
              "name": "libv8",
              "path": "/nix/store/5qv5cl1s9hjhyjhd4nmgndf1ccf3mc4r-nodejs-22.14.0-libv8"
            }
          ],
          "store_path": "/nix/store/5baih13vgavgia3889wsvh4n4z0mkawd-nodejs-22.14.0"
        },
        "x86_64-darwin": {
          "outputs": [
            {
              "name": "out",
              "path": "/nix/store/8b56xv3fa7v0w0kpr2yvkxq6cb2kknd0-nodejs-22.14.0",
              "default": true
            },
            {
              "name": "libv8",
              "path": "/nix/store/jg0m7pq2hvqrkm1vx22sghqvc9vnn35h-nodejs-22.14.0-libv8"
            }
          ],
          "store_path": "/nix/store/8b56xv3fa7v0w0kpr2yvkxq6cb2kknd0-nodejs-22.14.0"
        },
        "x86_64-linux": {
          "outputs": [
            {
              "name": "out",
              "path": "/nix/store/87hsv7pc321h80j7223209nxc8vmabqb-nodejs-22.14.0",
              "default": true
            },
            {
              "name": "libv8",
              "path": "/nix/store/hs3x57x6gw75sgwa081d3ir63rz7phmb-nodejs-22.14.0-libv8"
            }
          ],
          "store_path": "/nix/store/87hsv7pc321h80j7223209nxc8vmabqb-nodejs-22.14.0"
        }
      }
    },
    "pnpm@9.15.0": {
      "last_modified": "2024-12-08T11:15:23Z",
      "resolved": "github:NixOS/nixpkgs/93dc9803a1ee435e590b02cde9589038d5cc3a4e#pnpm",
      "source": "devbox-search",
      "version": "9.15.0",
      "systems": {
        "aarch64-darwin": {
          "outputs": [
            {
              "name": "out",
              "path": "/nix/store/rxzyv00jks0r6vbgdj02n6h1x6fg3vz0-pnpm-9.15.0",
              "default": true
            }
          ],
          "store_path": "/nix/store/rxzyv00jks0r6vbgdj02n6h1x6fg3vz0-pnpm-9.15.0"
        },
        "aarch64-linux": {
          "outputs": [
            {
              "name": "out",
              "path": "/nix/store/x82c8bxyxrxbr6ambki8i7s9z0yvgjfv-pnpm-9.15.0",
              "default": true
            }
          ],
          "store_path": "/nix/store/x82c8bxyxrxbr6ambki8i7s9z0yvgjfv-pnpm-9.15.0"
        },
        "x86_64-darwin": {
          "outputs": [
            {
              "name": "out",
              "path": "/nix/store/hiaxj1yqwpkmh8fvl0z8cg2vdy8bfrsn-pnpm-9.15.0",
              "default": true
            }
          ],
          "store_path": "/nix/store/hiaxj1yqwpkmh8fvl0z8cg2vdy8bfrsn-pnpm-9.15.0"
        },
        "x86_64-linux": {
          "outputs": [
            {
              "name": "out",
              "path": "/nix/store/z8s3r4vwf4r26g2d7shnw5lva6ihim8f-pnpm-9.15.0",
              "default": true
            }
          ],
          "store_path": "/nix/store/z8s3r4vwf4r26g2d7shnw5lva6ihim8f-pnpm-9.15.0"
        }
      }
    }
  }
}
