{
  "lockfile_version": "1",
  "packages": {
    "biome@1.9.4": {
      "last_modified": "2025-03-11T17:52:14Z",
      "resolved": "github:NixOS/nixpkgs/0d534853a55b5d02a4ababa1d71921ce8f0aee4c#biome",
      "source": "devbox-search",
      "version": "1.9.4",
      "systems": {
        "aarch64-darwin": {
          "outputs": [
            {
              "name": "out",
              "path": "/nix/store/shbhk6dql297mgz2mwygf7bd4jidm7q8-biome-1.9.4",
              "default": true
            }
          ],
          "store_path": "/nix/store/shbhk6dql297mgz2mwygf7bd4jidm7q8-biome-1.9.4"
        },
        "aarch64-linux": {
          "outputs": [
            {
              "name": "out",
              "path": "/nix/store/fwr1c1i6psmnkaldizra5i7ygki2a2zw-biome-1.9.4",
              "default": true
            }
          ],
          "store_path": "/nix/store/fwr1c1i6psmnkaldizra5i7ygki2a2zw-biome-1.9.4"
        },
        "x86_64-darwin": {
          "outputs": [
            {
              "name": "out",
              "path": "/nix/store/n708ckvhrhx70x2g150pg4ljdiywchys-biome-1.9.4",
              "default": true
            }
          ],
          "store_path": "/nix/store/n708ckvhrhx70x2g150pg4ljdiywchys-biome-1.9.4"
        },
        "x86_64-linux": {
          "outputs": [
            {
              "name": "out",
              "path": "/nix/store/34mx5sd96jfgpnk41havb8xr7h0zs3lv-biome-1.9.4",
              "default": true
            }
          ],
          "store_path": "/nix/store/34mx5sd96jfgpnk41havb8xr7h0zs3lv-biome-1.9.4"
        }
      }
    },
    "ngrok@3.19.1": {
      "last_modified": "2025-03-23T05:31:05Z",
      "resolved": "github:NixOS/nixpkgs/dd613136ee91f67e5dba3f3f41ac99ae89c5406b#ngrok",
      "source": "devbox-search",
      "version": "3.19.1",
      "systems": {
        "aarch64-darwin": {
          "outputs": [
            {
              "name": "out",
              "path": "/nix/store/d069gnpdsn1nyp9ckihi39psafkfiip3-ngrok-3.19.1",
              "default": true
            }
          ],
          "store_path": "/nix/store/d069gnpdsn1nyp9ckihi39psafkfiip3-ngrok-3.19.1"
        },
        "aarch64-linux": {
          "outputs": [
            {
              "name": "out",
              "path": "/nix/store/9g1zqviqgly8slyprlp7m9qgp8c46fxy-ngrok-3.19.1",
              "default": true
            }
          ],
          "store_path": "/nix/store/9g1zqviqgly8slyprlp7m9qgp8c46fxy-ngrok-3.19.1"
        },
        "x86_64-darwin": {
          "outputs": [
            {
              "name": "out",
              "path": "/nix/store/1gd1p4yz4i0lz55p6alv7jdwrg8y5m22-ngrok-3.19.1",
              "default": true
            }
          ],
          "store_path": "/nix/store/1gd1p4yz4i0lz55p6alv7jdwrg8y5m22-ngrok-3.19.1"
        },
        "x86_64-linux": {
          "outputs": [
            {
              "name": "out",
              "path": "/nix/store/1p21ymqdcb5hakm1khw8cpz3iqr0bdz6-ngrok-3.19.1",
              "default": true
            }
          ],
          "store_path": "/nix/store/1p21ymqdcb5hakm1khw8cpz3iqr0bdz6-ngrok-3.19.1"
        }
      }
    },
    "nodejs@20.15.1": {
      "last_modified": "2024-08-14T11:41:26Z",
      "plugin_version": "0.0.2",
      "resolved": "github:NixOS/nixpkgs/0cb2fd7c59fed0cd82ef858cbcbdb552b9a33465#nodejs_20",
      "source": "devbox-search",
      "version": "20.15.1",
      "systems": {
        "aarch64-darwin": {
          "outputs": [
            {
              "name": "out",
              "path": "/nix/store/5ni7zrr67nkpyk3rcsbwafyxq2w24rms-nodejs-20.15.1",
              "default": true
            },
            {
              "name": "libv8",
              "path": "/nix/store/vb94kns67rzs9m1qy0hn6pw5fr7aycg5-nodejs-20.15.1-libv8"
            }
          ],
          "store_path": "/nix/store/5ni7zrr67nkpyk3rcsbwafyxq2w24rms-nodejs-20.15.1"
        },
        "aarch64-linux": {
          "outputs": [
            {
              "name": "out",
              "path": "/nix/store/rbsgw2jh1grrhr1hkhzl3brg3dkbx29y-nodejs-20.15.1",
              "default": true
            },
            {
              "name": "libv8",
              "path": "/nix/store/kzq56bz77qhivi5ysaxj5vf3rb1mgs6r-nodejs-20.15.1-libv8"
            }
          ],
          "store_path": "/nix/store/rbsgw2jh1grrhr1hkhzl3brg3dkbx29y-nodejs-20.15.1"
        },
        "x86_64-darwin": {
          "outputs": [
            {
              "name": "out",
              "path": "/nix/store/cbdl0p3mz0yycqig42356mh7a0km1d4r-nodejs-20.15.1",
              "default": true
            },
            {
              "name": "libv8",
              "path": "/nix/store/b3dzip928llv3946yjk9l4c38x2d9hdr-nodejs-20.15.1-libv8"
            }
          ],
          "store_path": "/nix/store/cbdl0p3mz0yycqig42356mh7a0km1d4r-nodejs-20.15.1"
        },
        "x86_64-linux": {
          "outputs": [
            {
              "name": "out",
              "path": "/nix/store/v14k93caffbf0xz2g7bqr964grxxqlmj-nodejs-20.15.1",
              "default": true
            },
            {
              "name": "libv8",
              "path": "/nix/store/y3za0qg58rkvi0x9xp6asc5xyyfsf1jn-nodejs-20.15.1-libv8"
            }
          ],
          "store_path": "/nix/store/v14k93caffbf0xz2g7bqr964grxxqlmj-nodejs-20.15.1"
        }
      }
    },
    "pnpm@10.7.0": {
      "last_modified": "2025-03-27T11:50:31Z",
      "resolved": "github:NixOS/nixpkgs/6c5963357f3c1c840201eda129a99d455074db04#pnpm",
      "source": "devbox-search",
      "version": "10.7.0",
      "systems": {
        "aarch64-darwin": {
          "outputs": [
            {
              "name": "out",
              "path": "/nix/store/x76wprx01q04cinshnm1133yg1ypsj3a-pnpm-10.7.0",
              "default": true
            }
          ],
          "store_path": "/nix/store/x76wprx01q04cinshnm1133yg1ypsj3a-pnpm-10.7.0"
        },
        "aarch64-linux": {
          "outputs": [
            {
              "name": "out",
              "path": "/nix/store/bnarmhxsz8msrpsn96di6vb2ng3idaxj-pnpm-10.7.0",
              "default": true
            }
          ],
          "store_path": "/nix/store/bnarmhxsz8msrpsn96di6vb2ng3idaxj-pnpm-10.7.0"
        },
        "x86_64-darwin": {
          "outputs": [
            {
              "name": "out",
              "path": "/nix/store/0pz2nz0r1rwmyqg1kczs4wwxhnx6xn86-pnpm-10.7.0",
              "default": true
            }
          ],
          "store_path": "/nix/store/0pz2nz0r1rwmyqg1kczs4wwxhnx6xn86-pnpm-10.7.0"
        },
        "x86_64-linux": {
          "outputs": [
            {
              "name": "out",
              "path": "/nix/store/ywwl1rqzh8ivxz9skyyswqf56hsdp4gg-pnpm-10.7.0",
              "default": true
            }
          ],
          "store_path": "/nix/store/ywwl1rqzh8ivxz9skyyswqf56hsdp4gg-pnpm-10.7.0"
        }
      }
    }
  }
}
