{
  "nodes": {
    "nixpkgs": {
      "locked": {
        "lastModified": 1780330039,
        "narHash": "sha256-y6FFmwFlmtJgK5YoMYm+9hGXjGua/HOGDL1wblBU5CI=",
        "owner": "NixOS",
        "repo": "nixpkgs",
        "rev": "f4c6980dc0863afeadcabef1b12eb128bbd06519",
        "type": "github"
      },
      "original": {
        "owner": "NixOS",
        "ref": "release-26.05",
        "repo": "nixpkgs",
        "type": "github"
      }
    },
    "root": {
      "inputs": {
        "nixpkgs": "nixpkgs"
      }
    }
  },
  "root": "root",
  "version": 7
}
